// !$*UTF8*$!
{
	archiveVersion = 1;
	classes = {
	};
	objectVersion = 50;
	objects = {

/* Begin PBXBuildFile section */
		625631602479B3C300332ABF /* SwiftWatchNanoleaf WatchKit App.app in Embed Watch Content */ = {isa = PBXBuildFile; fileRef = 6256315F2479B3C300332ABF /* SwiftWatchNanoleaf WatchKit App.app */; settings = {ATTRIBUTES = (RemoveHeadersOnCopy, ); }; };
		625631662479B3C300332ABF /* Interface.storyboard in Resources */ = {isa = PBXBuildFile; fileRef = 625631642479B3C300332ABF /* Interface.storyboard */; };
		625631682479B3C400332ABF /* Assets.xcassets in Resources */ = {isa = PBXBuildFile; fileRef = 625631672479B3C400332ABF /* Assets.xcassets */; };
		6256316F2479B3C400332ABF /* SwiftWatchNanoleaf WatchKit Extension.appex in Embed App Extensions */ = {isa = PBXBuildFile; fileRef = 6256316E2479B3C400332ABF /* SwiftWatchNanoleaf WatchKit Extension.appex */; settings = {ATTRIBUTES = (RemoveHeadersOnCopy, ); }; };
		625631742479B3C400332ABF /* ContentView.swift in Sources */ = {isa = PBXBuildFile; fileRef = 625631732479B3C400332ABF /* ContentView.swift */; };
		625631762479B3C400332ABF /* HostingController.swift in Sources */ = {isa = PBXBuildFile; fileRef = 625631752479B3C400332ABF /* HostingController.swift */; };
		625631782479B3C400332ABF /* ExtensionDelegate.swift in Sources */ = {isa = PBXBuildFile; fileRef = 625631772479B3C400332ABF /* ExtensionDelegate.swift */; };
		6256317A2479B3C400332ABF /* NotificationController.swift in Sources */ = {isa = PBXBuildFile; fileRef = 625631792479B3C400332ABF /* NotificationController.swift */; };
		6256317C2479B3C400332ABF /* NotificationView.swift in Sources */ = {isa = PBXBuildFile; fileRef = 6256317B2479B3C400332ABF /* NotificationView.swift */; };
		6256317E2479B3C400332ABF /* Assets.xcassets in Resources */ = {isa = PBXBuildFile; fileRef = 6256317D2479B3C400332ABF /* Assets.xcassets */; };
		625631812479B3C400332ABF /* Preview Assets.xcassets in Resources */ = {isa = PBXBuildFile; fileRef = 625631802479B3C400332ABF /* Preview Assets.xcassets */; };
		625631932479B43600332ABF /* Nanoleaf.swift in Sources */ = {isa = PBXBuildFile; fileRef = 625631922479B43600332ABF /* Nanoleaf.swift */; };
/* End PBXBuildFile section */

/* Begin PBXContainerItemProxy section */
		625631612479B3C300332ABF /* PBXContainerItemProxy */ = {
			isa = PBXContainerItemProxy;
			containerPortal = 625631552479B3C300332ABF /* Project object */;
			proxyType = 1;
			remoteGlobalIDString = 6256315E2479B3C300332ABF;
			remoteInfo = "SwiftWatchNanoleaf WatchKit App";
		};
		625631702479B3C400332ABF /* PBXContainerItemProxy */ = {
			isa = PBXContainerItemProxy;
			containerPortal = 625631552479B3C300332ABF /* Project object */;
			proxyType = 1;
			remoteGlobalIDString = 6256316D2479B3C400332ABF;
			remoteInfo = "SwiftWatchNanoleaf WatchKit Extension";
		};
/* End PBXContainerItemProxy section */

/* Begin PBXCopyFilesBuildPhase section */
		625631892479B3C400332ABF /* Embed App Extensions */ = {
			isa = PBXCopyFilesBuildPhase;
			buildActionMask = 2147483647;
			dstPath = "";
			dstSubfolderSpec = 13;
			files = (
				6256316F2479B3C400332ABF /* SwiftWatchNanoleaf WatchKit Extension.appex in Embed App Extensions */,
			);
			name = "Embed App Extensions";
			runOnlyForDeploymentPostprocessing = 0;
		};
		6256318D2479B3C400332ABF /* Embed Watch Content */ = {
			isa = PBXCopyFilesBuildPhase;
			buildActionMask = 2147483647;
			dstPath = "$(CONTENTS_FOLDER_PATH)/Watch";
			dstSubfolderSpec = 16;
			files = (
				625631602479B3C300332ABF /* SwiftWatchNanoleaf WatchKit App.app in Embed Watch Content */,
			);
			name = "Embed Watch Content";
			runOnlyForDeploymentPostprocessing = 0;
		};
/* End PBXCopyFilesBuildPhase section */

/* Begin PBXFileReference section */
		6256315B2479B3C300332ABF /* SwiftWatchNanoleaf.app */ = {isa = PBXFileReference; explicitFileType = wrapper.application; includeInIndex = 0; path = SwiftWatchNanoleaf.app; sourceTree = BUILT_PRODUCTS_DIR; };
		6256315F2479B3C300332ABF /* SwiftWatchNanoleaf WatchKit App.app */ = {isa = PBXFileReference; explicitFileType = wrapper.application; includeInIndex = 0; path = "SwiftWatchNanoleaf WatchKit App.app"; sourceTree = BUILT_PRODUCTS_DIR; };
		625631652479B3C300332ABF /* Base */ = {isa = PBXFileReference; lastKnownFileType = file.storyboard; name = Base; path = Base.lproj/Interface.storyboard; sourceTree = "<group>"; };
		625631672479B3C400332ABF /* Assets.xcassets */ = {isa = PBXFileReference; lastKnownFileType = folder.assetcatalog; path = Assets.xcassets; sourceTree = "<group>"; };
		625631692479B3C400332ABF /* Info.plist */ = {isa = PBXFileReference; lastKnownFileType = text.plist.xml; path = Info.plist; sourceTree = "<group>"; };
		6256316E2479B3C400332ABF /* SwiftWatchNanoleaf WatchKit Extension.appex */ = {isa = PBXFileReference; explicitFileType = "wrapper.app-extension"; includeInIndex = 0; path = "SwiftWatchNanoleaf WatchKit Extension.appex"; sourceTree = BUILT_PRODUCTS_DIR; };
		625631732479B3C400332ABF /* ContentView.swift */ = {isa = PBXFileReference; lastKnownFileType = sourcecode.swift; path = ContentView.swift; sourceTree = "<group>"; };
		625631752479B3C400332ABF /* HostingController.swift */ = {isa = PBXFileReference; lastKnownFileType = sourcecode.swift; path = HostingController.swift; sourceTree = "<group>"; };
		625631772479B3C400332ABF /* ExtensionDelegate.swift */ = {isa = PBXFileReference; lastKnownFileType = sourcecode.swift; path = ExtensionDelegate.swift; sourceTree = "<group>"; };
		625631792479B3C400332ABF /* NotificationController.swift */ = {isa = PBXFileReference; lastKnownFileType = sourcecode.swift; path = NotificationController.swift; sourceTree = "<group>"; };
		6256317B2479B3C400332ABF /* NotificationView.swift */ = {isa = PBXFileReference; lastKnownFileType = sourcecode.swift; path = NotificationView.swift; sourceTree = "<group>"; };
		6256317D2479B3C400332ABF /* Assets.xcassets */ = {isa = PBXFileReference; lastKnownFileType = folder.assetcatalog; path = Assets.xcassets; sourceTree = "<group>"; };
		625631802479B3C400332ABF /* Preview Assets.xcassets */ = {isa = PBXFileReference; lastKnownFileType = folder.assetcatalog; path = "Preview Assets.xcassets"; sourceTree = "<group>"; };
		625631822479B3C400332ABF /* Info.plist */ = {isa = PBXFileReference; lastKnownFileType = text.plist.xml; path = Info.plist; sourceTree = "<group>"; };
		625631832479B3C400332ABF /* PushNotificationPayload.apns */ = {isa = PBXFileReference; lastKnownFileType = text; path = PushNotificationPayload.apns; sourceTree = "<group>"; };
		625631922479B43600332ABF /* Nanoleaf.swift */ = {isa = PBXFileReference; lastKnownFileType = sourcecode.swift; path = Nanoleaf.swift; sourceTree = "<group>"; };
/* End PBXFileReference section */

/* Begin PBXFrameworksBuildPhase section */
		6256316B2479B3C400332ABF /* Frameworks */ = {
			isa = PBXFrameworksBuildPhase;
			buildActionMask = 2147483647;
			files = (
			);
			runOnlyForDeploymentPostprocessing = 0;
		};
/* End PBXFrameworksBuildPhase section */

/* Begin PBXGroup section */
		625631542479B3C300332ABF = {
			isa = PBXGroup;
			children = (
				625631632479B3C300332ABF /* SwiftWatchNanoleaf WatchKit App */,
				625631722479B3C400332ABF /* SwiftWatchNanoleaf WatchKit Extension */,
				6256315C2479B3C300332ABF /* Products */,
			);
			sourceTree = "<group>";
		};
		6256315C2479B3C300332ABF /* Products */ = {
			isa = PBXGroup;
			children = (
				6256315B2479B3C300332ABF /* SwiftWatchNanoleaf.app */,
				6256315F2479B3C300332ABF /* SwiftWatchNanoleaf WatchKit App.app */,
				6256316E2479B3C400332ABF /* SwiftWatchNanoleaf WatchKit Extension.appex */,
			);
			name = Products;
			sourceTree = "<group>";
		};
		625631632479B3C300332ABF /* SwiftWatchNanoleaf WatchKit App */ = {
			isa = PBXGroup;
			children = (
				625631642479B3C300332ABF /* Interface.storyboard */,
				625631672479B3C400332ABF /* Assets.xcassets */,
				625631692479B3C400332ABF /* Info.plist */,
			);
			path = "SwiftWatchNanoleaf WatchKit App";
			sourceTree = "<group>";
		};
		625631722479B3C400332ABF /* SwiftWatchNanoleaf WatchKit Extension */ = {
			isa = PBXGroup;
			children = (
				625631912479B41100332ABF /* API */,
				625631732479B3C400332ABF /* ContentView.swift */,
				625631752479B3C400332ABF /* HostingController.swift */,
				625631772479B3C400332ABF /* ExtensionDelegate.swift */,
				625631792479B3C400332ABF /* NotificationController.swift */,
				6256317B2479B3C400332ABF /* NotificationView.swift */,
				6256317D2479B3C400332ABF /* Assets.xcassets */,
				625631822479B3C400332ABF /* Info.plist */,
				625631832479B3C400332ABF /* PushNotificationPayload.apns */,
				6256317F2479B3C400332ABF /* Preview Content */,
			);
			path = "SwiftWatchNanoleaf WatchKit Extension";
			sourceTree = "<group>";
		};
		6256317F2479B3C400332ABF /* Preview Content */ = {
			isa = PBXGroup;
			children = (
				625631802479B3C400332ABF /* Preview Assets.xcassets */,
			);
			path = "Preview Content";
			sourceTree = "<group>";
		};
		625631912479B41100332ABF /* API */ = {
			isa = PBXGroup;
			children = (
				625631922479B43600332ABF /* Nanoleaf.swift */,
			);
			path = API;
			sourceTree = "<group>";
		};
/* End PBXGroup section */

/* Begin PBXNativeTarget section */
		6256315A2479B3C300332ABF /* SwiftWatchNanoleaf */ = {
			isa = PBXNativeTarget;
			buildConfigurationList = 6256318E2479B3C400332ABF /* Build configuration list for PBXNativeTarget "SwiftWatchNanoleaf" */;
			buildPhases = (
				625631592479B3C300332ABF /* Resources */,
				6256318D2479B3C400332ABF /* Embed Watch Content */,
			);
			buildRules = (
			);
			dependencies = (
				625631622479B3C300332ABF /* PBXTargetDependency */,
			);
			name = SwiftWatchNanoleaf;
			productName = SwiftWatchNanoleaf;
			productReference = 6256315B2479B3C300332ABF /* SwiftWatchNanoleaf.app */;
			productType = "com.apple.product-type.application.watchapp2-container";
		};
		6256315E2479B3C300332ABF /* SwiftWatchNanoleaf WatchKit App */ = {
			isa = PBXNativeTarget;
			buildConfigurationList = 6256318A2479B3C400332ABF /* Build configuration list for PBXNativeTarget "SwiftWatchNanoleaf WatchKit App" */;
			buildPhases = (
				6256315D2479B3C300332ABF /* Resources */,
				625631892479B3C400332ABF /* Embed App Extensions */,
			);
			buildRules = (
			);
			dependencies = (
				625631712479B3C400332ABF /* PBXTargetDependency */,
			);
			name = "SwiftWatchNanoleaf WatchKit App";
			productName = "SwiftWatchNanoleaf WatchKit App";
			productReference = 6256315F2479B3C300332ABF /* SwiftWatchNanoleaf WatchKit App.app */;
			productType = "com.apple.product-type.application.watchapp2";
		};
		6256316D2479B3C400332ABF /* SwiftWatchNanoleaf WatchKit Extension */ = {
			isa = PBXNativeTarget;
			buildConfigurationList = 625631862479B3C400332ABF /* Build configuration list for PBXNativeTarget "SwiftWatchNanoleaf WatchKit Extension" */;
			buildPhases = (
				6256316A2479B3C400332ABF /* Sources */,
				6256316B2479B3C400332ABF /* Frameworks */,
				6256316C2479B3C400332ABF /* Resources */,
			);
			buildRules = (
			);
			dependencies = (
			);
			name = "SwiftWatchNanoleaf WatchKit Extension";
			productName = "SwiftWatchNanoleaf WatchKit Extension";
			productReference = 6256316E2479B3C400332ABF /* SwiftWatchNanoleaf WatchKit Extension.appex */;
			productType = "com.apple.product-type.watchkit2-extension";
		};
/* End PBXNativeTarget section */

/* Begin PBXProject section */
		625631552479B3C300332ABF /* Project object */ = {
			isa = PBXProject;
			attributes = {
				LastSwiftUpdateCheck = 1150;
				LastUpgradeCheck = 1150;
				ORGANIZATIONNAME = "Renan Caldas";
				TargetAttributes = {
					6256315A2479B3C300332ABF = {
						CreatedOnToolsVersion = 11.5;
					};
					6256315E2479B3C300332ABF = {
						CreatedOnToolsVersion = 11.5;
					};
					6256316D2479B3C400332ABF = {
						CreatedOnToolsVersion = 11.5;
					};
				};
			};
			buildConfigurationList = 625631582479B3C300332ABF /* Build configuration list for PBXProject "SwiftWatchNanoleaf" */;
			compatibilityVersion = "Xcode 9.3";
			developmentRegion = en;
			hasScannedForEncodings = 0;
			knownRegions = (
				en,
				Base,
			);
			mainGroup = 625631542479B3C300332ABF;
			productRefGroup = 6256315C2479B3C300332ABF /* Products */;
			projectDirPath = "";
			projectRoot = "";
			targets = (
				6256315A2479B3C300332ABF /* SwiftWatchNanoleaf */,
				6256315E2479B3C300332ABF /* SwiftWatchNanoleaf WatchKit App */,
				6256316D2479B3C400332ABF /* SwiftWatchNanoleaf WatchKit Extension */,
			);
		};
/* End PBXProject section */

/* Begin PBXResourcesBuildPhase section */
		625631592479B3C300332ABF /* Resources */ = {
			isa = PBXResourcesBuildPhase;
			buildActionMask = 2147483647;
			files = (
			);
			runOnlyForDeploymentPostprocessing = 0;
		};
		6256315D2479B3C300332ABF /* Resources */ = {
			isa = PBXResourcesBuildPhase;
			buildActionMask = 2147483647;
			files = (
				625631682479B3C400332ABF /* Assets.xcassets in Resources */,
				625631662479B3C300332ABF /* Interface.storyboard in Resources */,
			);
			runOnlyForDeploymentPostprocessing = 0;
		};
		6256316C2479B3C400332ABF /* Resources */ = {
			isa = PBXResourcesBuildPhase;
			buildActionMask = 2147483647;
			files = (
				625631812479B3C400332ABF /* Preview Assets.xcassets in Resources */,
				6256317E2479B3C400332ABF /* Assets.xcassets in Resources */,
			);
			runOnlyForDeploymentPostprocessing = 0;
		};
/* End PBXResourcesBuildPhase section */

/* Begin PBXSourcesBuildPhase section */
		6256316A2479B3C400332ABF /* Sources */ = {
			isa = PBXSourcesBuildPhase;
			buildActionMask = 2147483647;
			files = (
				625631762479B3C400332ABF /* HostingController.swift in Sources */,
				625631932479B43600332ABF /* Nanoleaf.swift in Sources */,
				625631742479B3C400332ABF /* ContentView.swift in Sources */,
				6256317A2479B3C400332ABF /* NotificationController.swift in Sources */,
				625631782479B3C400332ABF /* ExtensionDelegate.swift in Sources */,
				6256317C2479B3C400332ABF /* NotificationView.swift in Sources */,
			);
			runOnlyForDeploymentPostprocessing = 0;
		};
/* End PBXSourcesBuildPhase section */

/* Begin PBXTargetDependency section */
		625631622479B3C300332ABF /* PBXTargetDependency */ = {
			isa = PBXTargetDependency;
			target = 6256315E2479B3C300332ABF /* SwiftWatchNanoleaf WatchKit App */;
			targetProxy = 625631612479B3C300332ABF /* PBXContainerItemProxy */;
		};
		625631712479B3C400332ABF /* PBXTargetDependency */ = {
			isa = PBXTargetDependency;
			target = 6256316D2479B3C400332ABF /* SwiftWatchNanoleaf WatchKit Extension */;
			targetProxy = 625631702479B3C400332ABF /* PBXContainerItemProxy */;
		};
/* End PBXTargetDependency section */

/* Begin PBXVariantGroup section */
		625631642479B3C300332ABF /* Interface.storyboard */ = {
			isa = PBXVariantGroup;
			children = (
				625631652479B3C300332ABF /* Base */,
			);
			name = Interface.storyboard;
			sourceTree = "<group>";
		};
/* End PBXVariantGroup section */

/* Begin XCBuildConfiguration section */
		625631842479B3C400332ABF /* Debug */ = {
			isa = XCBuildConfiguration;
			buildSettings = {
				ALWAYS_SEARCH_USER_PATHS = NO;
				CLANG_ANALYZER_NONNULL = YES;
				CLANG_ANALYZER_NUMBER_OBJECT_CONVERSION = YES_AGGRESSIVE;
				CLANG_CXX_LANGUAGE_STANDARD = "gnu++14";
				CLANG_CXX_LIBRARY = "libc++";
				CLANG_ENABLE_MODULES = YES;
				CLANG_ENABLE_OBJC_ARC = YES;
				CLANG_ENABLE_OBJC_WEAK = YES;
				CLANG_WARN_BLOCK_CAPTURE_AUTORELEASING = YES;
				CLANG_WARN_BOOL_CONVERSION = YES;
				CLANG_WARN_COMMA = YES;
				CLANG_WARN_CONSTANT_CONVERSION = YES;
				CLANG_WARN_DEPRECATED_OBJC_IMPLEMENTATIONS = YES;
				CLANG_WARN_DIRECT_OBJC_ISA_USAGE = YES_ERROR;
				CLANG_WARN_DOCUMENTATION_COMMENTS = YES;
				CLANG_WARN_EMPTY_BODY = YES;
				CLANG_WARN_ENUM_CONVERSION = YES;
				CLANG_WARN_INFINITE_RECURSION = YES;
				CLANG_WARN_INT_CONVERSION = YES;
				CLANG_WARN_NON_LITERAL_NULL_CONVERSION = YES;
				CLANG_WARN_OBJC_IMPLICIT_RETAIN_SELF = YES;
				CLANG_WARN_OBJC_LITERAL_CONVERSION = YES;
				CLANG_WARN_OBJC_ROOT_CLASS = YES_ERROR;
				CLANG_WARN_RANGE_LOOP_ANALYSIS = YES;
				CLANG_WARN_STRICT_PROTOTYPES = YES;
				CLANG_WARN_SUSPICIOUS_MOVE = YES;
				CLANG_WARN_UNGUARDED_AVAILABILITY = YES_AGGRESSIVE;
				CLANG_WARN_UNREACHABLE_CODE = YES;
				CLANG_WARN__DUPLICATE_METHOD_MATCH = YES;
				COPY_PHASE_STRIP = NO;
				DEBUG_INFORMATION_FORMAT = dwarf;
				ENABLE_STRICT_OBJC_MSGSEND = YES;
				ENABLE_TESTABILITY = YES;
				GCC_C_LANGUAGE_STANDARD = gnu11;
				GCC_DYNAMIC_NO_PIC = NO;
				GCC_NO_COMMON_BLOCKS = YES;
				GCC_OPTIMIZATION_LEVEL = 0;
				GCC_PREPROCESSOR_DEFINITIONS = (
					"DEBUG=1",
					"$(inherited)",
				);
				GCC_WARN_64_TO_32_BIT_CONVERSION = YES;
				GCC_WARN_ABOUT_RETURN_TYPE = YES_ERROR;
				GCC_WARN_UNDECLARED_SELECTOR = YES;
				GCC_WARN_UNINITIALIZED_AUTOS = YES_AGGRESSIVE;
				GCC_WARN_UNUSED_FUNCTION = YES;
				GCC_WARN_UNUSED_VARIABLE = YES;
				MTL_ENABLE_DEBUG_INFO = INCLUDE_SOURCE;
				MTL_FAST_MATH = YES;
				ONLY_ACTIVE_ARCH = YES;
				SDKROOT = iphoneos;
				SWIFT_ACTIVE_COMPILATION_CONDITIONS = DEBUG;
				SWIFT_OPTIMIZATION_LEVEL = "-Onone";
			};
			name = Debug;
		};
		625631852479B3C400332ABF /* Release */ = {
			isa = XCBuildConfiguration;
			buildSettings = {
				ALWAYS_SEARCH_USER_PATHS = NO;
				CLANG_ANALYZER_NONNULL = YES;
				CLANG_ANALYZER_NUMBER_OBJECT_CONVERSION = YES_AGGRESSIVE;
				CLANG_CXX_LANGUAGE_STANDARD = "gnu++14";
				CLANG_CXX_LIBRARY = "libc++";
				CLANG_ENABLE_MODULES = YES;
				CLANG_ENABLE_OBJC_ARC = YES;
				CLANG_ENABLE_OBJC_WEAK = YES;
				CLANG_WARN_BLOCK_CAPTURE_AUTORELEASING = YES;
				CLANG_WARN_BOOL_CONVERSION = YES;
				CLANG_WARN_COMMA = YES;
				CLANG_WARN_CONSTANT_CONVERSION = YES;
				CLANG_WARN_DEPRECATED_OBJC_IMPLEMENTATIONS = YES;
				CLANG_WARN_DIRECT_OBJC_ISA_USAGE = YES_ERROR;
				CLANG_WARN_DOCUMENTATION_COMMENTS = YES;
				CLANG_WARN_EMPTY_BODY = YES;
				CLANG_WARN_ENUM_CONVERSION = YES;
				CLANG_WARN_INFINITE_RECURSION = YES;
				CLANG_WARN_INT_CONVERSION = YES;
				CLANG_WARN_NON_LITERAL_NULL_CONVERSION = YES;
				CLANG_WARN_OBJC_IMPLICIT_RETAIN_SELF = YES;
				CLANG_WARN_OBJC_LITERAL_CONVERSION = YES;
				CLANG_WARN_OBJC_ROOT_CLASS = YES_ERROR;
				CLANG_WARN_RANGE_LOOP_ANALYSIS = YES;
				CLANG_WARN_STRICT_PROTOTYPES = YES;
				CLANG_WARN_SUSPICIOUS_MOVE = YES;
				CLANG_WARN_UNGUARDED_AVAILABILITY = YES_AGGRESSIVE;
				CLANG_WARN_UNREACHABLE_CODE = YES;
				CLANG_WARN__DUPLICATE_METHOD_MATCH = YES;
				COPY_PHASE_STRIP = NO;
				DEBUG_INFORMATION_FORMAT = "dwarf-with-dsym";
				ENABLE_NS_ASSERTIONS = NO;
				ENABLE_STRICT_OBJC_MSGSEND = YES;
				GCC_C_LANGUAGE_STANDARD = gnu11;
				GCC_NO_COMMON_BLOCKS = YES;
				GCC_WARN_64_TO_32_BIT_CONVERSION = YES;
				GCC_WARN_ABOUT_RETURN_TYPE = YES_ERROR;
				GCC_WARN_UNDECLARED_SELECTOR = YES;
				GCC_WARN_UNINITIALIZED_AUTOS = YES_AGGRESSIVE;
				GCC_WARN_UNUSED_FUNCTION = YES;
				GCC_WARN_UNUSED_VARIABLE = YES;
				MTL_ENABLE_DEBUG_INFO = NO;
				MTL_FAST_MATH = YES;
				SDKROOT = iphoneos;
				SWIFT_COMPILATION_MODE = wholemodule;
				SWIFT_OPTIMIZATION_LEVEL = "-O";
				VALIDATE_PRODUCT = YES;
			};
			name = Release;
		};
		625631872479B3C400332ABF /* Debug */ = {
			isa = XCBuildConfiguration;
			buildSettings = {
				ASSETCATALOG_COMPILER_COMPLICATION_NAME = Complication;
				CODE_SIGN_STYLE = Automatic;
				DEVELOPMENT_ASSET_PATHS = "\"SwiftWatchNanoleaf WatchKit Extension/Preview Content\"";
				DEVELOPMENT_TEAM = VPR8NHN93P;
				ENABLE_PREVIEWS = YES;
				INFOPLIST_FILE = "SwiftWatchNanoleaf WatchKit Extension/Info.plist";
				LD_RUNPATH_SEARCH_PATHS = (
					"$(inherited)",
					"@executable_path/Frameworks",
					"@executable_path/../../Frameworks",
				);
				PRODUCT_BUNDLE_IDENTIFIER = renancaldas.SwiftWatchNanoleaf.watchkitapp.watchkitextension;
				PRODUCT_NAME = "${TARGET_NAME}";
				SDKROOT = watchos;
				SKIP_INSTALL = YES;
				SWIFT_VERSION = 5.0;
				TARGETED_DEVICE_FAMILY = 4;
				WATCHOS_DEPLOYMENT_TARGET = 6.2;
			};
			name = Debug;
		};
		625631882479B3C400332ABF /* Release */ = {
			isa = XCBuildConfiguration;
			buildSettings = {
				ASSETCATALOG_COMPILER_COMPLICATION_NAME = Complication;
				CODE_SIGN_STYLE = Automatic;
				DEVELOPMENT_ASSET_PATHS = "\"SwiftWatchNanoleaf WatchKit Extension/Preview Content\"";
				DEVELOPMENT_TEAM = VPR8NHN93P;
				ENABLE_PREVIEWS = YES;
				INFOPLIST_FILE = "SwiftWatchNanoleaf WatchKit Extension/Info.plist";
				LD_RUNPATH_SEARCH_PATHS = (
					"$(inherited)",
					"@executable_path/Frameworks",
					"@executable_path/../../Frameworks",
				);
				PRODUCT_BUNDLE_IDENTIFIER = renancaldas.SwiftWatchNanoleaf.watchkitapp.watchkitextension;
				PRODUCT_NAME = "${TARGET_NAME}";
				SDKROOT = watchos;
				SKIP_INSTALL = YES;
				SWIFT_VERSION = 5.0;
				TARGETED_DEVICE_FAMILY = 4;
				WATCHOS_DEPLOYMENT_TARGET = 6.2;
			};
			name = Release;
		};
		6256318B2479B3C400332ABF /* Debug */ = {
			isa = XCBuildConfiguration;
			buildSettings = {
				ALWAYS_EMBED_SWIFT_STANDARD_LIBRARIES = YES;
				ASSETCATALOG_COMPILER_APPICON_NAME = AppIcon;
				CODE_SIGN_STYLE = Automatic;
				DEVELOPMENT_TEAM = VPR8NHN93P;
				IBSC_MODULE = SwiftWatchNanoleaf_WatchKit_Extension;
				INFOPLIST_FILE = "SwiftWatchNanoleaf WatchKit App/Info.plist";
				PRODUCT_BUNDLE_IDENTIFIER = renancaldas.SwiftWatchNanoleaf.watchkitapp;
				PRODUCT_NAME = "$(TARGET_NAME)";
				SDKROOT = watchos;
				SKIP_INSTALL = YES;
				SWIFT_VERSION = 5.0;
				TARGETED_DEVICE_FAMILY = 4;
				WATCHOS_DEPLOYMENT_TARGET = 6.2;
			};
			name = Debug;
		};
		6256318C2479B3C400332ABF /* Release */ = {
			isa = XCBuildConfiguration;
			buildSettings = {
				ALWAYS_EMBED_SWIFT_STANDARD_LIBRARIES = YES;
				ASSETCATALOG_COMPILER_APPICON_NAME = AppIcon;
				CODE_SIGN_STYLE = Automatic;
				DEVELOPMENT_TEAM = VPR8NHN93P;
				IBSC_MODULE = SwiftWatchNanoleaf_WatchKit_Extension;
				INFOPLIST_FILE = "SwiftWatchNanoleaf WatchKit App/Info.plist";
				PRODUCT_BUNDLE_IDENTIFIER = renancaldas.SwiftWatchNanoleaf.watchkitapp;
				PRODUCT_NAME = "$(TARGET_NAME)";
				SDKROOT = watchos;
				SKIP_INSTALL = YES;
				SWIFT_VERSION = 5.0;
				TARGETED_DEVICE_FAMILY = 4;
				WATCHOS_DEPLOYMENT_TARGET = 6.2;
			};
			name = Release;
		};
		6256318F2479B3C400332ABF /* Debug */ = {
			isa = XCBuildConfiguration;
			buildSettings = {
				CODE_SIGN_STYLE = Automatic;
				CURRENT_PROJECT_VERSION = 1;
				DEVELOPMENT_TEAM = VPR8NHN93P;
				MARKETING_VERSION = 1.0;
				PRODUCT_BUNDLE_IDENTIFIER = renancaldas.SwiftWatchNanoleaf;
				PRODUCT_NAME = "$(TARGET_NAME)";
				SWIFT_VERSION = 5.0;
			};
			name = Debug;
		};
		625631902479B3C400332ABF /* Release */ = {
			isa = XCBuildConfiguration;
			buildSettings = {
				CODE_SIGN_STYLE = Automatic;
				CURRENT_PROJECT_VERSION = 1;
				DEVELOPMENT_TEAM = VPR8NHN93P;
				MARKETING_VERSION = 1.0;
				PRODUCT_BUNDLE_IDENTIFIER = renancaldas.SwiftWatchNanoleaf;
				PRODUCT_NAME = "$(TARGET_NAME)";
				SWIFT_VERSION = 5.0;
			};
			name = Release;
		};
/* End XCBuildConfiguration section */

/* Begin XCConfigurationList section */
		625631582479B3C300332ABF /* Build configuration list for PBXProject "SwiftWatchNanoleaf" */ = {
			isa = XCConfigurationList;
			buildConfigurations = (
				625631842479B3C400332ABF /* Debug */,
				625631852479B3C400332ABF /* Release */,
			);
			defaultConfigurationIsVisible = 0;
			defaultConfigurationName = Release;
		};
		625631862479B3C400332ABF /* Build configuration list for PBXNativeTarget "SwiftWatchNanoleaf WatchKit Extension" */ = {
			isa = XCConfigurationList;
			buildConfigurations = (
				625631872479B3C400332ABF /* Debug */,
				625631882479B3C400332ABF /* Release */,
			);
			defaultConfigurationIsVisible = 0;
			defaultConfigurationName = Release;
		};
		6256318A2479B3C400332ABF /* Build configuration list for PBXNativeTarget "SwiftWatchNanoleaf WatchKit App" */ = {
			isa = XCConfigurationList;
			buildConfigurations = (
				6256318B2479B3C400332ABF /* Debug */,
				6256318C2479B3C400332ABF /* Release */,
			);
			defaultConfigurationIsVisible = 0;
			defaultConfigurationName = Release;
		};
		6256318E2479B3C400332ABF /* Build configuration list for PBXNativeTarget "SwiftWatchNanoleaf" */ = {
			isa = XCConfigurationList;
			buildConfigurations = (
				6256318F2479B3C400332ABF /* Debug */,
				625631902479B3C400332ABF /* Release */,
			);
			defaultConfigurationIsVisible = 0;
			defaultConfigurationName = Release;
		};
/* End XCConfigurationList section */
	};
	rootObject = 625631552479B3C300332ABF /* Project object */;
}
